// !$*UTF8*$!
{
	archiveVersion = 1;
	classes = {
	};
	objectVersion = 50;
	objects = {

/* Begin PBXBuildFile section */
		21EA8DA598FFA97A91A0F70C /* Pods_themovies_projectUITests.framework in Frameworks */ = {isa = PBXBuildFile; fileRef = C7C3FEDBFDF2BD4E40E49A30 /* Pods_themovies_projectUITests.framework */; };
		86E6CBDFF2D7AF177BBA5E3C /* Pods_themovies_projectTests.framework in Frameworks */ = {isa = PBXBuildFile; fileRef = B0C8C99B0ABE123865AD9A39 /* Pods_themovies_projectTests.framework */; };
		B0F6FB489B140D5A7EA33D63 /* Pods_themovies_project.framework in Frameworks */ = {isa = PBXBuildFile; fileRef = 968E7C08F3F802D19C7E6204 /* Pods_themovies_project.framework */; };
		F042575A21C4765200D09570 /* R.generated.swift in Sources */ = {isa = PBXBuildFile; fileRef = F042575921C4765200D09570 /* R.generated.swift */; };
		F042576221C478FD00D09570 /* MovieService.swift in Sources */ = {isa = PBXBuildFile; fileRef = F042576121C478FD00D09570 /* MovieService.swift */; };
		F042576421C481D100D09570 /* UpcomingViewModel.swift in Sources */ = {isa = PBXBuildFile; fileRef = F042576321C481D100D09570 /* UpcomingViewModel.swift */; };
		F042576721C4842B00D09570 /* Movie.swift in Sources */ = {isa = PBXBuildFile; fileRef = F042576621C4842B00D09570 /* Movie.swift */; };
		F042576921C4891800D09570 /* Upcoming.swift in Sources */ = {isa = PBXBuildFile; fileRef = F042576821C4891800D09570 /* Upcoming.swift */; };
		F042576B21C48CCD00D09570 /* NetworkManager.swift in Sources */ = {isa = PBXBuildFile; fileRef = F042576A21C48CCD00D09570 /* NetworkManager.swift */; };
		F042576D21C48F7700D09570 /* UpcomingViewController.swift in Sources */ = {isa = PBXBuildFile; fileRef = F042576C21C48F7700D09570 /* UpcomingViewController.swift */; };
		F042576F21C48F8900D09570 /* upcoming.storyboard in Resources */ = {isa = PBXBuildFile; fileRef = F042576E21C48F8900D09570 /* upcoming.storyboard */; };
		F042577221C4900100D09570 /* MovieCollectionViewCell.swift in Sources */ = {isa = PBXBuildFile; fileRef = F042577021C4900100D09570 /* MovieCollectionViewCell.swift */; };
		F042577321C4900100D09570 /* MovieCollectionViewCell.xib in Resources */ = {isa = PBXBuildFile; fileRef = F042577121C4900100D09570 /* MovieCollectionViewCell.xib */; };
		F042577621C49AC400D09570 /* UIImageView+KingFisher.swift in Sources */ = {isa = PBXBuildFile; fileRef = F042577521C49AC400D09570 /* UIImageView+KingFisher.swift */; };
		F042577821C518C200D09570 /* Genrer.swift in Sources */ = {isa = PBXBuildFile; fileRef = F042577721C518C200D09570 /* Genrer.swift */; };
		F0A1539021C46D0600F90292 /* AppDelegate.swift in Sources */ = {isa = PBXBuildFile; fileRef = F0A1538F21C46D0600F90292 /* AppDelegate.swift */; };
		F0A1539221C46D0600F90292 /* ViewController.swift in Sources */ = {isa = PBXBuildFile; fileRef = F0A1539121C46D0600F90292 /* ViewController.swift */; };
		F0A1539521C46D0600F90292 /* Main.storyboard in Resources */ = {isa = PBXBuildFile; fileRef = F0A1539321C46D0600F90292 /* Main.storyboard */; };
		F0A1539721C46D0800F90292 /* Assets.xcassets in Resources */ = {isa = PBXBuildFile; fileRef = F0A1539621C46D0800F90292 /* Assets.xcassets */; };
		F0A1539A21C46D0800F90292 /* LaunchScreen.storyboard in Resources */ = {isa = PBXBuildFile; fileRef = F0A1539821C46D0800F90292 /* LaunchScreen.storyboard */; };
		F0A153A521C46D0800F90292 /* themovies_projectTests.swift in Sources */ = {isa = PBXBuildFile; fileRef = F0A153A421C46D0800F90292 /* themovies_projectTests.swift */; };
		F0A153B021C46D0800F90292 /* themovies_projectUITests.swift in Sources */ = {isa = PBXBuildFile; fileRef = F0A153AF21C46D0800F90292 /* themovies_projectUITests.swift */; };
/* End PBXBuildFile section */

/* Begin PBXContainerItemProxy section */
		F0A153A121C46D0800F90292 /* PBXContainerItemProxy */ = {
			isa = PBXContainerItemProxy;
			containerPortal = F0A1538421C46D0600F90292 /* Project object */;
			proxyType = 1;
			remoteGlobalIDString = F0A1538B21C46D0600F90292;
			remoteInfo = themovies_project;
		};
		F0A153AC21C46D0800F90292 /* PBXContainerItemProxy */ = {
			isa = PBXContainerItemProxy;
			containerPortal = F0A1538421C46D0600F90292 /* Project object */;
			proxyType = 1;
			remoteGlobalIDString = F0A1538B21C46D0600F90292;
			remoteInfo = themovies_project;
		};
/* End PBXContainerItemProxy section */

/* Begin PBXFileReference section */
		1F32C2A61A4177DFEB0FE0AB /* Pods-themovies_projectUITests.debug.xcconfig */ = {isa = PBXFileReference; includeInIndex = 1; lastKnownFileType = text.xcconfig; name = "Pods-themovies_projectUITests.debug.xcconfig"; path = "Pods/Target Support Files/Pods-themovies_projectUITests/Pods-themovies_projectUITests.debug.xcconfig"; sourceTree = "<group>"; };
		4C11553915CE70AF42D0F185 /* Pods-themovies_project.release.xcconfig */ = {isa = PBXFileReference; includeInIndex = 1; lastKnownFileType = text.xcconfig; name = "Pods-themovies_project.release.xcconfig"; path = "Pods/Target Support Files/Pods-themovies_project/Pods-themovies_project.release.xcconfig"; sourceTree = "<group>"; };
		605DAE83F7E9E613E93BC925 /* Pods-themovies_projectTests.debug.xcconfig */ = {isa = PBXFileReference; includeInIndex = 1; lastKnownFileType = text.xcconfig; name = "Pods-themovies_projectTests.debug.xcconfig"; path = "Pods/Target Support Files/Pods-themovies_projectTests/Pods-themovies_projectTests.debug.xcconfig"; sourceTree = "<group>"; };
		608068613D51B83219026D2A /* Pods-themovies_project.debug.xcconfig */ = {isa = PBXFileReference; includeInIndex = 1; lastKnownFileType = text.xcconfig; name = "Pods-themovies_project.debug.xcconfig"; path = "Pods/Target Support Files/Pods-themovies_project/Pods-themovies_project.debug.xcconfig"; sourceTree = "<group>"; };
		968E7C08F3F802D19C7E6204 /* Pods_themovies_project.framework */ = {isa = PBXFileReference; explicitFileType = wrapper.framework; includeInIndex = 0; path = Pods_themovies_project.framework; sourceTree = BUILT_PRODUCTS_DIR; };
		A6EA624831DD4D45DE6FD3D8 /* Pods-themovies_projectTests.release.xcconfig */ = {isa = PBXFileReference; includeInIndex = 1; lastKnownFileType = text.xcconfig; name = "Pods-themovies_projectTests.release.xcconfig"; path = "Pods/Target Support Files/Pods-themovies_projectTests/Pods-themovies_projectTests.release.xcconfig"; sourceTree = "<group>"; };
		B0C8C99B0ABE123865AD9A39 /* Pods_themovies_projectTests.framework */ = {isa = PBXFileReference; explicitFileType = wrapper.framework; includeInIndex = 0; path = Pods_themovies_projectTests.framework; sourceTree = BUILT_PRODUCTS_DIR; };
		C7C3FEDBFDF2BD4E40E49A30 /* Pods_themovies_projectUITests.framework */ = {isa = PBXFileReference; explicitFileType = wrapper.framework; includeInIndex = 0; path = Pods_themovies_projectUITests.framework; sourceTree = BUILT_PRODUCTS_DIR; };
		F042575921C4765200D09570 /* R.generated.swift */ = {isa = PBXFileReference; fileEncoding = 4; lastKnownFileType = sourcecode.swift; path = R.generated.swift; sourceTree = "<group>"; };
		F042576121C478FD00D09570 /* MovieService.swift */ = {isa = PBXFileReference; lastKnownFileType = sourcecode.swift; path = MovieService.swift; sourceTree = "<group>"; };
		F042576321C481D100D09570 /* UpcomingViewModel.swift */ = {isa = PBXFileReference; lastKnownFileType = sourcecode.swift; path = UpcomingViewModel.swift; sourceTree = "<group>"; };
		F042576621C4842B00D09570 /* Movie.swift */ = {isa = PBXFileReference; lastKnownFileType = sourcecode.swift; path = Movie.swift; sourceTree = "<group>"; };
		F042576821C4891800D09570 /* Upcoming.swift */ = {isa = PBXFileReference; lastKnownFileType = sourcecode.swift; path = Upcoming.swift; sourceTree = "<group>"; };
		F042576A21C48CCD00D09570 /* NetworkManager.swift */ = {isa = PBXFileReference; lastKnownFileType = sourcecode.swift; path = NetworkManager.swift; sourceTree = "<group>"; };
		F042576C21C48F7700D09570 /* UpcomingViewController.swift */ = {isa = PBXFileReference; lastKnownFileType = sourcecode.swift; path = UpcomingViewController.swift; sourceTree = "<group>"; };
		F042576E21C48F8900D09570 /* upcoming.storyboard */ = {isa = PBXFileReference; lastKnownFileType = file.storyboard; path = upcoming.storyboard; sourceTree = "<group>"; };
		F042577021C4900100D09570 /* MovieCollectionViewCell.swift */ = {isa = PBXFileReference; lastKnownFileType = sourcecode.swift; path = MovieCollectionViewCell.swift; sourceTree = "<group>"; };
		F042577121C4900100D09570 /* MovieCollectionViewCell.xib */ = {isa = PBXFileReference; lastKnownFileType = file.xib; path = MovieCollectionViewCell.xib; sourceTree = "<group>"; };
		F042577521C49AC400D09570 /* UIImageView+KingFisher.swift */ = {isa = PBXFileReference; lastKnownFileType = sourcecode.swift; path = "UIImageView+KingFisher.swift"; sourceTree = "<group>"; };
		F042577721C518C200D09570 /* Genrer.swift */ = {isa = PBXFileReference; lastKnownFileType = sourcecode.swift; path = Genrer.swift; sourceTree = "<group>"; };
		F0A1538C21C46D0600F90292 /* themovies_project.app */ = {isa = PBXFileReference; explicitFileType = wrapper.application; includeInIndex = 0; path = themovies_project.app; sourceTree = BUILT_PRODUCTS_DIR; };
		F0A1538F21C46D0600F90292 /* AppDelegate.swift */ = {isa = PBXFileReference; lastKnownFileType = sourcecode.swift; path = AppDelegate.swift; sourceTree = "<group>"; };
		F0A1539121C46D0600F90292 /* ViewController.swift */ = {isa = PBXFileReference; lastKnownFileType = sourcecode.swift; path = ViewController.swift; sourceTree = "<group>"; };
		F0A1539421C46D0600F90292 /* Base */ = {isa = PBXFileReference; lastKnownFileType = file.storyboard; name = Base; path = Base.lproj/Main.storyboard; sourceTree = "<group>"; };
		F0A1539621C46D0800F90292 /* Assets.xcassets */ = {isa = PBXFileReference; lastKnownFileType = folder.assetcatalog; path = Assets.xcassets; sourceTree = "<group>"; };
		F0A1539921C46D0800F90292 /* Base */ = {isa = PBXFileReference; lastKnownFileType = file.storyboard; name = Base; path = Base.lproj/LaunchScreen.storyboard; sourceTree = "<group>"; };
		F0A1539B21C46D0800F90292 /* Info.plist */ = {isa = PBXFileReference; lastKnownFileType = text.plist.xml; path = Info.plist; sourceTree = "<group>"; };
		F0A153A021C46D0800F90292 /* themovies_projectTests.xctest */ = {isa = PBXFileReference; explicitFileType = wrapper.cfbundle; includeInIndex = 0; path = themovies_projectTests.xctest; sourceTree = BUILT_PRODUCTS_DIR; };
		F0A153A421C46D0800F90292 /* themovies_projectTests.swift */ = {isa = PBXFileReference; lastKnownFileType = sourcecode.swift; path = themovies_projectTests.swift; sourceTree = "<group>"; };
		F0A153A621C46D0800F90292 /* Info.plist */ = {isa = PBXFileReference; lastKnownFileType = text.plist.xml; path = Info.plist; sourceTree = "<group>"; };
		F0A153AB21C46D0800F90292 /* themovies_projectUITests.xctest */ = {isa = PBXFileReference; explicitFileType = wrapper.cfbundle; includeInIndex = 0; path = themovies_projectUITests.xctest; sourceTree = BUILT_PRODUCTS_DIR; };
		F0A153AF21C46D0800F90292 /* themovies_projectUITests.swift */ = {isa = PBXFileReference; lastKnownFileType = sourcecode.swift; path = themovies_projectUITests.swift; sourceTree = "<group>"; };
		F0A153B121C46D0800F90292 /* Info.plist */ = {isa = PBXFileReference; lastKnownFileType = text.plist.xml; path = Info.plist; sourceTree = "<group>"; };
		F4F4C10FF9F5DF44890AE0A6 /* Pods-themovies_projectUITests.release.xcconfig */ = {isa = PBXFileReference; includeInIndex = 1; lastKnownFileType = text.xcconfig; name = "Pods-themovies_projectUITests.release.xcconfig"; path = "Pods/Target Support Files/Pods-themovies_projectUITests/Pods-themovies_projectUITests.release.xcconfig"; sourceTree = "<group>"; };
/* End PBXFileReference section */

/* Begin PBXFrameworksBuildPhase section */
		F0A1538921C46D0600F90292 /* Frameworks */ = {
			isa = PBXFrameworksBuildPhase;
			buildActionMask = 2147483647;
			files = (
				B0F6FB489B140D5A7EA33D63 /* Pods_themovies_project.framework in Frameworks */,
			);
			runOnlyForDeploymentPostprocessing = 0;
		};
		F0A1539D21C46D0800F90292 /* Frameworks */ = {
			isa = PBXFrameworksBuildPhase;
			buildActionMask = 2147483647;
			files = (
				86E6CBDFF2D7AF177BBA5E3C /* Pods_themovies_projectTests.framework in Frameworks */,
			);
			runOnlyForDeploymentPostprocessing = 0;
		};
		F0A153A821C46D0800F90292 /* Frameworks */ = {
			isa = PBXFrameworksBuildPhase;
			buildActionMask = 2147483647;
			files = (
				21EA8DA598FFA97A91A0F70C /* Pods_themovies_projectUITests.framework in Frameworks */,
			);
			runOnlyForDeploymentPostprocessing = 0;
		};
/* End PBXFrameworksBuildPhase section */

/* Begin PBXGroup section */
		016C84A05F4AC09D8DB8ED16 /* Pods */ = {
			isa = PBXGroup;
			children = (
				608068613D51B83219026D2A /* Pods-themovies_project.debug.xcconfig */,
				4C11553915CE70AF42D0F185 /* Pods-themovies_project.release.xcconfig */,
				605DAE83F7E9E613E93BC925 /* Pods-themovies_projectTests.debug.xcconfig */,
				A6EA624831DD4D45DE6FD3D8 /* Pods-themovies_projectTests.release.xcconfig */,
				1F32C2A61A4177DFEB0FE0AB /* Pods-themovies_projectUITests.debug.xcconfig */,
				F4F4C10FF9F5DF44890AE0A6 /* Pods-themovies_projectUITests.release.xcconfig */,
			);
			name = Pods;
			sourceTree = "<group>";
		};
		A6F39ACBECCE44FE59246B4F /* Frameworks */ = {
			isa = PBXGroup;
			children = (
				968E7C08F3F802D19C7E6204 /* Pods_themovies_project.framework */,
				B0C8C99B0ABE123865AD9A39 /* Pods_themovies_projectTests.framework */,
				C7C3FEDBFDF2BD4E40E49A30 /* Pods_themovies_projectUITests.framework */,
			);
			name = Frameworks;
			sourceTree = "<group>";
		};
		F042575B21C4783E00D09570 /* upcoming */ = {
			isa = PBXGroup;
			children = (
				F042575D21C4786800D09570 /* views */,
				F042575C21C4785C00D09570 /* viewmodels */,
				F042576C21C48F7700D09570 /* UpcomingViewController.swift */,
				F042576E21C48F8900D09570 /* upcoming.storyboard */,
			);
			path = upcoming;
			sourceTree = "<group>";
		};
		F042575C21C4785C00D09570 /* viewmodels */ = {
			isa = PBXGroup;
			children = (
				F042576321C481D100D09570 /* UpcomingViewModel.swift */,
			);
			path = viewmodels;
			sourceTree = "<group>";
		};
		F042575D21C4786800D09570 /* views */ = {
			isa = PBXGroup;
			children = (
				F042577021C4900100D09570 /* MovieCollectionViewCell.swift */,
				F042577121C4900100D09570 /* MovieCollectionViewCell.xib */,
			);
			path = views;
			sourceTree = "<group>";
		};
		F042575E21C4789000D09570 /* network */ = {
			isa = PBXGroup;
			children = (
				F042576121C478FD00D09570 /* MovieService.swift */,
				F042576A21C48CCD00D09570 /* NetworkManager.swift */,
			);
			path = network;
			sourceTree = "<group>";
		};
		F042576521C4840E00D09570 /* entities */ = {
			isa = PBXGroup;
			children = (
				F042576621C4842B00D09570 /* Movie.swift */,
				F042576821C4891800D09570 /* Upcoming.swift */,
				F042577721C518C200D09570 /* Genrer.swift */,
			);
			path = entities;
			sourceTree = "<group>";
		};
		F042577421C49AA500D09570 /* extensions */ = {
			isa = PBXGroup;
			children = (
				F042577521C49AC400D09570 /* UIImageView+KingFisher.swift */,
			);
			path = extensions;
			sourceTree = "<group>";
		};
		F0A1538321C46D0600F90292 = {
			isa = PBXGroup;
			children = (
				F042575921C4765200D09570 /* R.generated.swift */,
				F0A1538E21C46D0600F90292 /* themovies_project */,
				F0A153A321C46D0800F90292 /* themovies_projectTests */,
				F0A153AE21C46D0800F90292 /* themovies_projectUITests */,
				F0A1538D21C46D0600F90292 /* Products */,
				016C84A05F4AC09D8DB8ED16 /* Pods */,
				A6F39ACBECCE44FE59246B4F /* Frameworks */,
			);
			sourceTree = "<group>";
		};
		F0A1538D21C46D0600F90292 /* Products */ = {
			isa = PBXGroup;
			children = (
				F0A1538C21C46D0600F90292 /* themovies_project.app */,
				F0A153A021C46D0800F90292 /* themovies_projectTests.xctest */,
				F0A153AB21C46D0800F90292 /* themovies_projectUITests.xctest */,
			);
			name = Products;
			sourceTree = "<group>";
		};
		F0A1538E21C46D0600F90292 /* themovies_project */ = {
			isa = PBXGroup;
			children = (
				F042577421C49AA500D09570 /* extensions */,
				F042576521C4840E00D09570 /* entities */,
				F042575E21C4789000D09570 /* network */,
				F042575B21C4783E00D09570 /* upcoming */,
				F0A1538F21C46D0600F90292 /* AppDelegate.swift */,
				F0A1539121C46D0600F90292 /* ViewController.swift */,
				F0A1539321C46D0600F90292 /* Main.storyboard */,
				F0A1539621C46D0800F90292 /* Assets.xcassets */,
				F0A1539821C46D0800F90292 /* LaunchScreen.storyboard */,
				F0A1539B21C46D0800F90292 /* Info.plist */,
			);
			path = themovies_project;
			sourceTree = "<group>";
		};
		F0A153A321C46D0800F90292 /* themovies_projectTests */ = {
			isa = PBXGroup;
			children = (
				F0A153A421C46D0800F90292 /* themovies_projectTests.swift */,
				F0A153A621C46D0800F90292 /* Info.plist */,
			);
			path = themovies_projectTests;
			sourceTree = "<group>";
		};
		F0A153AE21C46D0800F90292 /* themovies_projectUITests */ = {
			isa = PBXGroup;
			children = (
				F0A153AF21C46D0800F90292 /* themovies_projectUITests.swift */,
				F0A153B121C46D0800F90292 /* Info.plist */,
			);
			path = themovies_projectUITests;
			sourceTree = "<group>";
		};
/* End PBXGroup section */

/* Begin PBXNativeTarget section */
		F0A1538B21C46D0600F90292 /* themovies_project */ = {
			isa = PBXNativeTarget;
			buildConfigurationList = F0A153B421C46D0800F90292 /* Build configuration list for PBXNativeTarget "themovies_project" */;
			buildPhases = (
				BA3CBD855C9B135905340C41 /* [CP] Check Pods Manifest.lock */,
				F042575821C470C400D09570 /* R Swift */,
				F0A1538821C46D0600F90292 /* Sources */,
				F0A1538921C46D0600F90292 /* Frameworks */,
				F0A1538A21C46D0600F90292 /* Resources */,
				6B1701BC15FC335F40764071 /* [CP] Embed Pods Frameworks */,
			);
			buildRules = (
			);
			dependencies = (
			);
			name = themovies_project;
			productName = themovies_project;
			productReference = F0A1538C21C46D0600F90292 /* themovies_project.app */;
			productType = "com.apple.product-type.application";
		};
		F0A1539F21C46D0800F90292 /* themovies_projectTests */ = {
			isa = PBXNativeTarget;
			buildConfigurationList = F0A153B721C46D0800F90292 /* Build configuration list for PBXNativeTarget "themovies_projectTests" */;
			buildPhases = (
				7F19B98882306BBB4B544F1B /* [CP] Check Pods Manifest.lock */,
				F0A1539C21C46D0800F90292 /* Sources */,
				F0A1539D21C46D0800F90292 /* Frameworks */,
				F0A1539E21C46D0800F90292 /* Resources */,
			);
			buildRules = (
			);
			dependencies = (
				F0A153A221C46D0800F90292 /* PBXTargetDependency */,
			);
			name = themovies_projectTests;
			productName = themovies_projectTests;
			productReference = F0A153A021C46D0800F90292 /* themovies_projectTests.xctest */;
			productType = "com.apple.product-type.bundle.unit-test";
		};
		F0A153AA21C46D0800F90292 /* themovies_projectUITests */ = {
			isa = PBXNativeTarget;
			buildConfigurationList = F0A153BA21C46D0800F90292 /* Build configuration list for PBXNativeTarget "themovies_projectUITests" */;
			buildPhases = (
				601C9B3481C4D9E60BE4D1A5 /* [CP] Check Pods Manifest.lock */,
				F0A153A721C46D0800F90292 /* Sources */,
				F0A153A821C46D0800F90292 /* Frameworks */,
				F0A153A921C46D0800F90292 /* Resources */,
			);
			buildRules = (
			);
			dependencies = (
				F0A153AD21C46D0800F90292 /* PBXTargetDependency */,
			);
			name = themovies_projectUITests;
			productName = themovies_projectUITests;
			productReference = F0A153AB21C46D0800F90292 /* themovies_projectUITests.xctest */;
			productType = "com.apple.product-type.bundle.ui-testing";
		};
/* End PBXNativeTarget section */

/* Begin PBXProject section */
		F0A1538421C46D0600F90292 /* Project object */ = {
			isa = PBXProject;
			attributes = {
				LastSwiftUpdateCheck = 0940;
				LastUpgradeCheck = 0940;
				ORGANIZATIONNAME = "André Nogueira";
				TargetAttributes = {
					F0A1538B21C46D0600F90292 = {
						CreatedOnToolsVersion = 9.4.1;
					};
					F0A1539F21C46D0800F90292 = {
						CreatedOnToolsVersion = 9.4.1;
						TestTargetID = F0A1538B21C46D0600F90292;
					};
					F0A153AA21C46D0800F90292 = {
						CreatedOnToolsVersion = 9.4.1;
						TestTargetID = F0A1538B21C46D0600F90292;
					};
				};
			};
			buildConfigurationList = F0A1538721C46D0600F90292 /* Build configuration list for PBXProject "themovies_project" */;
			compatibilityVersion = "Xcode 9.3";
			developmentRegion = en;
			hasScannedForEncodings = 0;
			knownRegions = (
				en,
				Base,
			);
			mainGroup = F0A1538321C46D0600F90292;
			productRefGroup = F0A1538D21C46D0600F90292 /* Products */;
			projectDirPath = "";
			projectRoot = "";
			targets = (
				F0A1538B21C46D0600F90292 /* themovies_project */,
				F0A1539F21C46D0800F90292 /* themovies_projectTests */,
				F0A153AA21C46D0800F90292 /* themovies_projectUITests */,
			);
		};
/* End PBXProject section */

/* Begin PBXResourcesBuildPhase section */
		F0A1538A21C46D0600F90292 /* Resources */ = {
			isa = PBXResourcesBuildPhase;
			buildActionMask = 2147483647;
			files = (
				F042577321C4900100D09570 /* MovieCollectionViewCell.xib in Resources */,
				F042576F21C48F8900D09570 /* upcoming.storyboard in Resources */,
				F0A1539A21C46D0800F90292 /* LaunchScreen.storyboard in Resources */,
				F0A1539721C46D0800F90292 /* Assets.xcassets in Resources */,
				F0A1539521C46D0600F90292 /* Main.storyboard in Resources */,
			);
			runOnlyForDeploymentPostprocessing = 0;
		};
		F0A1539E21C46D0800F90292 /* Resources */ = {
			isa = PBXResourcesBuildPhase;
			buildActionMask = 2147483647;
			files = (
			);
			runOnlyForDeploymentPostprocessing = 0;
		};
		F0A153A921C46D0800F90292 /* Resources */ = {
			isa = PBXResourcesBuildPhase;
			buildActionMask = 2147483647;
			files = (
			);
			runOnlyForDeploymentPostprocessing = 0;
		};
/* End PBXResourcesBuildPhase section */

/* Begin PBXShellScriptBuildPhase section */
		601C9B3481C4D9E60BE4D1A5 /* [CP] Check Pods Manifest.lock */ = {
			isa = PBXShellScriptBuildPhase;
			buildActionMask = 2147483647;
			files = (
			);
			inputPaths = (
				"${PODS_PODFILE_DIR_PATH}/Podfile.lock",
				"${PODS_ROOT}/Manifest.lock",
			);
			name = "[CP] Check Pods Manifest.lock";
			outputPaths = (
				"$(DERIVED_FILE_DIR)/Pods-themovies_projectUITests-checkManifestLockResult.txt",
			);
			runOnlyForDeploymentPostprocessing = 0;
			shellPath = /bin/sh;
			shellScript = "diff \"${PODS_PODFILE_DIR_PATH}/Podfile.lock\" \"${PODS_ROOT}/Manifest.lock\" > /dev/null\nif [ $? != 0 ] ; then\n    # print error to STDERR\n    echo \"error: The sandbox is not in sync with the Podfile.lock. Run 'pod install' or update your CocoaPods installation.\" >&2\n    exit 1\nfi\n# This output is used by Xcode 'outputs' to avoid re-running this script phase.\necho \"SUCCESS\" > \"${SCRIPT_OUTPUT_FILE_0}\"\n";
			showEnvVarsInLog = 0;
		};
		6B1701BC15FC335F40764071 /* [CP] Embed Pods Frameworks */ = {
			isa = PBXShellScriptBuildPhase;
			buildActionMask = 2147483647;
			files = (
			);
			inputPaths = (
				"${SRCROOT}/Pods/Target Support Files/Pods-themovies_project/Pods-themovies_project-frameworks.sh",
				"${BUILT_PRODUCTS_DIR}/Alamofire/Alamofire.framework",
				"${BUILT_PRODUCTS_DIR}/Kingfisher/Kingfisher.framework",
				"${BUILT_PRODUCTS_DIR}/Moya/Moya.framework",
				"${BUILT_PRODUCTS_DIR}/R.swift.Library/Rswift.framework",
				"${BUILT_PRODUCTS_DIR}/Result/Result.framework",
				"${BUILT_PRODUCTS_DIR}/RxCocoa/RxCocoa.framework",
				"${BUILT_PRODUCTS_DIR}/RxSwift/RxSwift.framework",
			);
			name = "[CP] Embed Pods Frameworks";
			outputPaths = (
				"${TARGET_BUILD_DIR}/${FRAMEWORKS_FOLDER_PATH}/Alamofire.framework",
				"${TARGET_BUILD_DIR}/${FRAMEWORKS_FOLDER_PATH}/Kingfisher.framework",
				"${TARGET_BUILD_DIR}/${FRAMEWORKS_FOLDER_PATH}/Moya.framework",
				"${TARGET_BUILD_DIR}/${FRAMEWORKS_FOLDER_PATH}/Rswift.framework",
				"${TARGET_BUILD_DIR}/${FRAMEWORKS_FOLDER_PATH}/Result.framework",
				"${TARGET_BUILD_DIR}/${FRAMEWORKS_FOLDER_PATH}/RxCocoa.framework",
				"${TARGET_BUILD_DIR}/${FRAMEWORKS_FOLDER_PATH}/RxSwift.framework",
			);
			runOnlyForDeploymentPostprocessing = 0;
			shellPath = /bin/sh;
			shellScript = "\"${SRCROOT}/Pods/Target Support Files/Pods-themovies_project/Pods-themovies_project-frameworks.sh\"\n";
			showEnvVarsInLog = 0;
		};
		7F19B98882306BBB4B544F1B /* [CP] Check Pods Manifest.lock */ = {
			isa = PBXShellScriptBuildPhase;
			buildActionMask = 2147483647;
			files = (
			);
			inputPaths = (
				"${PODS_PODFILE_DIR_PATH}/Podfile.lock",
				"${PODS_ROOT}/Manifest.lock",
			);
			name = "[CP] Check Pods Manifest.lock";
			outputPaths = (
				"$(DERIVED_FILE_DIR)/Pods-themovies_projectTests-checkManifestLockResult.txt",
			);
			runOnlyForDeploymentPostprocessing = 0;
			shellPath = /bin/sh;
			shellScript = "diff \"${PODS_PODFILE_DIR_PATH}/Podfile.lock\" \"${PODS_ROOT}/Manifest.lock\" > /dev/null\nif [ $? != 0 ] ; then\n    # print error to STDERR\n    echo \"error: The sandbox is not in sync with the Podfile.lock. Run 'pod install' or update your CocoaPods installation.\" >&2\n    exit 1\nfi\n# This output is used by Xcode 'outputs' to avoid re-running this script phase.\necho \"SUCCESS\" > \"${SCRIPT_OUTPUT_FILE_0}\"\n";
			showEnvVarsInLog = 0;
		};
		BA3CBD855C9B135905340C41 /* [CP] Check Pods Manifest.lock */ = {
			isa = PBXShellScriptBuildPhase;
			buildActionMask = 2147483647;
			files = (
			);
			inputPaths = (
				"${PODS_PODFILE_DIR_PATH}/Podfile.lock",
				"${PODS_ROOT}/Manifest.lock",
			);
			name = "[CP] Check Pods Manifest.lock";
			outputPaths = (
				"$(DERIVED_FILE_DIR)/Pods-themovies_project-checkManifestLockResult.txt",
			);
			runOnlyForDeploymentPostprocessing = 0;
			shellPath = /bin/sh;
			shellScript = "diff \"${PODS_PODFILE_DIR_PATH}/Podfile.lock\" \"${PODS_ROOT}/Manifest.lock\" > /dev/null\nif [ $? != 0 ] ; then\n    # print error to STDERR\n    echo \"error: The sandbox is not in sync with the Podfile.lock. Run 'pod install' or update your CocoaPods installation.\" >&2\n    exit 1\nfi\n# This output is used by Xcode 'outputs' to avoid re-running this script phase.\necho \"SUCCESS\" > \"${SCRIPT_OUTPUT_FILE_0}\"\n";
			showEnvVarsInLog = 0;
		};
		F042575821C470C400D09570 /* R Swift */ = {
			isa = PBXShellScriptBuildPhase;
			buildActionMask = 2147483647;
			files = (
			);
			inputPaths = (
				"$TEMP_DIR/rswift-lastrun",
			);
			name = "R Swift";
			outputPaths = (
				$SRCROOT/R.generated.swift,
			);
			runOnlyForDeploymentPostprocessing = 0;
			shellPath = /bin/sh;
			shellScript = "\"$PODS_ROOT/R.swift/rswift\" \"$SRCROOT/\"";
		};
/* End PBXShellScriptBuildPhase section */

/* Begin PBXSourcesBuildPhase section */
		F0A1538821C46D0600F90292 /* Sources */ = {
			isa = PBXSourcesBuildPhase;
			buildActionMask = 2147483647;
			files = (
				F042576721C4842B00D09570 /* Movie.swift in Sources */,
				F042576421C481D100D09570 /* UpcomingViewModel.swift in Sources */,
				F042576921C4891800D09570 /* Upcoming.swift in Sources */,
				F042576D21C48F7700D09570 /* UpcomingViewController.swift in Sources */,
				F0A1539221C46D0600F90292 /* ViewController.swift in Sources */,
				F042576B21C48CCD00D09570 /* NetworkManager.swift in Sources */,
				F042577821C518C200D09570 /* Genrer.swift in Sources */,
				F042576221C478FD00D09570 /* MovieService.swift in Sources */,
				F042577221C4900100D09570 /* MovieCollectionViewCell.swift in Sources */,
				F0A1539021C46D0600F90292 /* AppDelegate.swift in Sources */,
				F042577621C49AC400D09570 /* UIImageView+KingFisher.swift in Sources */,
				F042575A21C4765200D09570 /* R.generated.swift in Sources */,
			);
			runOnlyForDeploymentPostprocessing = 0;
		};
		F0A1539C21C46D0800F90292 /* Sources */ = {
			isa = PBXSourcesBuildPhase;
			buildActionMask = 2147483647;
			files = (
				F0A153A521C46D0800F90292 /* themovies_projectTests.swift in Sources */,
			);
			runOnlyForDeploymentPostprocessing = 0;
		};
		F0A153A721C46D0800F90292 /* Sources */ = {
			isa = PBXSourcesBuildPhase;
			buildActionMask = 2147483647;
			files = (
				F0A153B021C46D0800F90292 /* themovies_projectUITests.swift in Sources */,
			);
			runOnlyForDeploymentPostprocessing = 0;
		};
/* End PBXSourcesBuildPhase section */

/* Begin PBXTargetDependency section */
		F0A153A221C46D0800F90292 /* PBXTargetDependency */ = {
			isa = PBXTargetDependency;
			target = F0A1538B21C46D0600F90292 /* themovies_project */;
			targetProxy = F0A153A121C46D0800F90292 /* PBXContainerItemProxy */;
		};
		F0A153AD21C46D0800F90292 /* PBXTargetDependency */ = {
			isa = PBXTargetDependency;
			target = F0A1538B21C46D0600F90292 /* themovies_project */;
			targetProxy = F0A153AC21C46D0800F90292 /* PBXContainerItemProxy */;
		};
/* End PBXTargetDependency section */

/* Begin PBXVariantGroup section */
		F0A1539321C46D0600F90292 /* Main.storyboard */ = {
			isa = PBXVariantGroup;
			children = (
				F0A1539421C46D0600F90292 /* Base */,
			);
			name = Main.storyboard;
			sourceTree = "<group>";
		};
		F0A1539821C46D0800F90292 /* LaunchScreen.storyboard */ = {
			isa = PBXVariantGroup;
			children = (
				F0A1539921C46D0800F90292 /* Base */,
			);
			name = LaunchScreen.storyboard;
			sourceTree = "<group>";
		};
/* End PBXVariantGroup section */

/* Begin XCBuildConfiguration section */
		F0A153B221C46D0800F90292 /* Debug */ = {
			isa = XCBuildConfiguration;
			buildSettings = {
				ALWAYS_SEARCH_USER_PATHS = NO;
				CLANG_ANALYZER_NONNULL = YES;
				CLANG_ANALYZER_NUMBER_OBJECT_CONVERSION = YES_AGGRESSIVE;
				CLANG_CXX_LANGUAGE_STANDARD = "gnu++14";
				CLANG_CXX_LIBRARY = "libc++";
				CLANG_ENABLE_MODULES = YES;
				CLANG_ENABLE_OBJC_ARC = YES;
				CLANG_ENABLE_OBJC_WEAK = YES;
				CLANG_WARN_BLOCK_CAPTURE_AUTORELEASING = YES;
				CLANG_WARN_BOOL_CONVERSION = YES;
				CLANG_WARN_COMMA = YES;
				CLANG_WARN_CONSTANT_CONVERSION = YES;
				CLANG_WARN_DEPRECATED_OBJC_IMPLEMENTATIONS = YES;
				CLANG_WARN_DIRECT_OBJC_ISA_USAGE = YES_ERROR;
				CLANG_WARN_DOCUMENTATION_COMMENTS = YES;
				CLANG_WARN_EMPTY_BODY = YES;
				CLANG_WARN_ENUM_CONVERSION = YES;
				CLANG_WARN_INFINITE_RECURSION = YES;
				CLANG_WARN_INT_CONVERSION = YES;
				CLANG_WARN_NON_LITERAL_NULL_CONVERSION = YES;
				CLANG_WARN_OBJC_IMPLICIT_RETAIN_SELF = YES;
				CLANG_WARN_OBJC_LITERAL_CONVERSION = YES;
				CLANG_WARN_OBJC_ROOT_CLASS = YES_ERROR;
				CLANG_WARN_RANGE_LOOP_ANALYSIS = YES;
				CLANG_WARN_STRICT_PROTOTYPES = YES;
				CLANG_WARN_SUSPICIOUS_MOVE = YES;
				CLANG_WARN_UNGUARDED_AVAILABILITY = YES_AGGRESSIVE;
				CLANG_WARN_UNREACHABLE_CODE = YES;
				CLANG_WARN__DUPLICATE_METHOD_MATCH = YES;
				CODE_SIGN_IDENTITY = "iPhone Developer";
				COPY_PHASE_STRIP = NO;
				DEBUG_INFORMATION_FORMAT = dwarf;
				ENABLE_STRICT_OBJC_MSGSEND = YES;
				ENABLE_TESTABILITY = YES;
				GCC_C_LANGUAGE_STANDARD = gnu11;
				GCC_DYNAMIC_NO_PIC = NO;
				GCC_NO_COMMON_BLOCKS = YES;
				GCC_OPTIMIZATION_LEVEL = 0;
				GCC_PREPROCESSOR_DEFINITIONS = (
					"DEBUG=1",
					"$(inherited)",
				);
				GCC_WARN_64_TO_32_BIT_CONVERSION = YES;
				GCC_WARN_ABOUT_RETURN_TYPE = YES_ERROR;
				GCC_WARN_UNDECLARED_SELECTOR = YES;
				GCC_WARN_UNINITIALIZED_AUTOS = YES_AGGRESSIVE;
				GCC_WARN_UNUSED_FUNCTION = YES;
				GCC_WARN_UNUSED_VARIABLE = YES;
				IPHONEOS_DEPLOYMENT_TARGET = 11.4;
				MTL_ENABLE_DEBUG_INFO = YES;
				ONLY_ACTIVE_ARCH = YES;
				SDKROOT = iphoneos;
				SWIFT_ACTIVE_COMPILATION_CONDITIONS = DEBUG;
				SWIFT_OPTIMIZATION_LEVEL = "-Onone";
			};
			name = Debug;
		};
		F0A153B321C46D0800F90292 /* Release */ = {
			isa = XCBuildConfiguration;
			buildSettings = {
				ALWAYS_SEARCH_USER_PATHS = NO;
				CLANG_ANALYZER_NONNULL = YES;
				CLANG_ANALYZER_NUMBER_OBJECT_CONVERSION = YES_AGGRESSIVE;
				CLANG_CXX_LANGUAGE_STANDARD = "gnu++14";
				CLANG_CXX_LIBRARY = "libc++";
				CLANG_ENABLE_MODULES = YES;
				CLANG_ENABLE_OBJC_ARC = YES;
				CLANG_ENABLE_OBJC_WEAK = YES;
				CLANG_WARN_BLOCK_CAPTURE_AUTORELEASING = YES;
				CLANG_WARN_BOOL_CONVERSION = YES;
				CLANG_WARN_COMMA = YES;
				CLANG_WARN_CONSTANT_CONVERSION = YES;
				CLANG_WARN_DEPRECATED_OBJC_IMPLEMENTATIONS = YES;
				CLANG_WARN_DIRECT_OBJC_ISA_USAGE = YES_ERROR;
				CLANG_WARN_DOCUMENTATION_COMMENTS = YES;
				CLANG_WARN_EMPTY_BODY = YES;
				CLANG_WARN_ENUM_CONVERSION = YES;
				CLANG_WARN_INFINITE_RECURSION = YES;
				CLANG_WARN_INT_CONVERSION = YES;
				CLANG_WARN_NON_LITERAL_NULL_CONVERSION = YES;
				CLANG_WARN_OBJC_IMPLICIT_RETAIN_SELF = YES;
				CLANG_WARN_OBJC_LITERAL_CONVERSION = YES;
				CLANG_WARN_OBJC_ROOT_CLASS = YES_ERROR;
				CLANG_WARN_RANGE_LOOP_ANALYSIS = YES;
				CLANG_WARN_STRICT_PROTOTYPES = YES;
				CLANG_WARN_SUSPICIOUS_MOVE = YES;
				CLANG_WARN_UNGUARDED_AVAILABILITY = YES_AGGRESSIVE;
				CLANG_WARN_UNREACHABLE_CODE = YES;
				CLANG_WARN__DUPLICATE_METHOD_MATCH = YES;
				CODE_SIGN_IDENTITY = "iPhone Developer";
				COPY_PHASE_STRIP = NO;
				DEBUG_INFORMATION_FORMAT = "dwarf-with-dsym";
				ENABLE_NS_ASSERTIONS = NO;
				ENABLE_STRICT_OBJC_MSGSEND = YES;
				GCC_C_LANGUAGE_STANDARD = gnu11;
				GCC_NO_COMMON_BLOCKS = YES;
				GCC_WARN_64_TO_32_BIT_CONVERSION = YES;
				GCC_WARN_ABOUT_RETURN_TYPE = YES_ERROR;
				GCC_WARN_UNDECLARED_SELECTOR = YES;
				GCC_WARN_UNINITIALIZED_AUTOS = YES_AGGRESSIVE;
				GCC_WARN_UNUSED_FUNCTION = YES;
				GCC_WARN_UNUSED_VARIABLE = YES;
				IPHONEOS_DEPLOYMENT_TARGET = 11.4;
				MTL_ENABLE_DEBUG_INFO = NO;
				SDKROOT = iphoneos;
				SWIFT_COMPILATION_MODE = wholemodule;
				SWIFT_OPTIMIZATION_LEVEL = "-O";
				VALIDATE_PRODUCT = YES;
			};
			name = Release;
		};
		F0A153B521C46D0800F90292 /* Debug */ = {
			isa = XCBuildConfiguration;
			baseConfigurationReference = 608068613D51B83219026D2A /* Pods-themovies_project.debug.xcconfig */;
			buildSettings = {
				ASSETCATALOG_COMPILER_APPICON_NAME = AppIcon;
				CODE_SIGN_STYLE = Automatic;
				DEVELOPMENT_TEAM = PFF7KW2SFY;
				INFOPLIST_FILE = themovies_project/Info.plist;
				LD_RUNPATH_SEARCH_PATHS = (
					"$(inherited)",
					"@executable_path/Frameworks",
				);
				PRODUCT_BUNDLE_IDENTIFIER = "com.andre.themovies-project";
				PRODUCT_NAME = "$(TARGET_NAME)";
				SWIFT_VERSION = 4.0;
				TARGETED_DEVICE_FAMILY = "1,2";
			};
			name = Debug;
		};
		F0A153B621C46D0800F90292 /* Release */ = {
			isa = XCBuildConfiguration;
			baseConfigurationReference = 4C11553915CE70AF42D0F185 /* Pods-themovies_project.release.xcconfig */;
			buildSettings = {
				ASSETCATALOG_COMPILER_APPICON_NAME = AppIcon;
				CODE_SIGN_STYLE = Automatic;
				DEVELOPMENT_TEAM = PFF7KW2SFY;
				INFOPLIST_FILE = themovies_project/Info.plist;
				LD_RUNPATH_SEARCH_PATHS = (
					"$(inherited)",
					"@executable_path/Frameworks",
				);
				PRODUCT_BUNDLE_IDENTIFIER = "com.andre.themovies-project";
				PRODUCT_NAME = "$(TARGET_NAME)";
				SWIFT_VERSION = 4.0;
				TARGETED_DEVICE_FAMILY = "1,2";
			};
			name = Release;
		};
		F0A153B821C46D0800F90292 /* Debug */ = {
			isa = XCBuildConfiguration;
			baseConfigurationReference = 605DAE83F7E9E613E93BC925 /* Pods-themovies_projectTests.debug.xcconfig */;
			buildSettings = {
				ALWAYS_EMBED_SWIFT_STANDARD_LIBRARIES = YES;
				BUNDLE_LOADER = "$(TEST_HOST)";
				CODE_SIGN_STYLE = Automatic;
				DEVELOPMENT_TEAM = PFF7KW2SFY;
				INFOPLIST_FILE = themovies_projectTests/Info.plist;
				LD_RUNPATH_SEARCH_PATHS = (
					"$(inherited)",
					"@executable_path/Frameworks",
					"@loader_path/Frameworks",
				);
				PRODUCT_BUNDLE_IDENTIFIER = "com.andre.themovies-projectTests";
				PRODUCT_NAME = "$(TARGET_NAME)";
				SWIFT_VERSION = 4.0;
				TARGETED_DEVICE_FAMILY = "1,2";
				TEST_HOST = "$(BUILT_PRODUCTS_DIR)/themovies_project.app/themovies_project";
			};
			name = Debug;
		};
		F0A153B921C46D0800F90292 /* Release */ = {
			isa = XCBuildConfiguration;
			baseConfigurationReference = A6EA624831DD4D45DE6FD3D8 /* Pods-themovies_projectTests.release.xcconfig */;
			buildSettings = {
				ALWAYS_EMBED_SWIFT_STANDARD_LIBRARIES = YES;
				BUNDLE_LOADER = "$(TEST_HOST)";
				CODE_SIGN_STYLE = Automatic;
				DEVELOPMENT_TEAM = PFF7KW2SFY;
				INFOPLIST_FILE = themovies_projectTests/Info.plist;
				LD_RUNPATH_SEARCH_PATHS = (
					"$(inherited)",
					"@executable_path/Frameworks",
					"@loader_path/Frameworks",
				);
				PRODUCT_BUNDLE_IDENTIFIER = "com.andre.themovies-projectTests";
				PRODUCT_NAME = "$(TARGET_NAME)";
				SWIFT_VERSION = 4.0;
				TARGETED_DEVICE_FAMILY = "1,2";
				TEST_HOST = "$(BUILT_PRODUCTS_DIR)/themovies_project.app/themovies_project";
			};
			name = Release;
		};
		F0A153BB21C46D0800F90292 /* Debug */ = {
			isa = XCBuildConfiguration;
			baseConfigurationReference = 1F32C2A61A4177DFEB0FE0AB /* Pods-themovies_projectUITests.debug.xcconfig */;
			buildSettings = {
				ALWAYS_EMBED_SWIFT_STANDARD_LIBRARIES = YES;
				CODE_SIGN_STYLE = Automatic;
				DEVELOPMENT_TEAM = PFF7KW2SFY;
				INFOPLIST_FILE = themovies_projectUITests/Info.plist;
				LD_RUNPATH_SEARCH_PATHS = (
					"$(inherited)",
					"@executable_path/Frameworks",
					"@loader_path/Frameworks",
				);
				PRODUCT_BUNDLE_IDENTIFIER = "com.andre.themovies-projectUITests";
				PRODUCT_NAME = "$(TARGET_NAME)";
				SWIFT_VERSION = 4.0;
				TARGETED_DEVICE_FAMILY = "1,2";
				TEST_TARGET_NAME = themovies_project;
			};
			name = Debug;
		};
		F0A153BC21C46D0800F90292 /* Release */ = {
			isa = XCBuildConfiguration;
			baseConfigurationReference = F4F4C10FF9F5DF44890AE0A6 /* Pods-themovies_projectUITests.release.xcconfig */;
			buildSettings = {
				ALWAYS_EMBED_SWIFT_STANDARD_LIBRARIES = YES;
				CODE_SIGN_STYLE = Automatic;
				DEVELOPMENT_TEAM = PFF7KW2SFY;
				INFOPLIST_FILE = themovies_projectUITests/Info.plist;
				LD_RUNPATH_SEARCH_PATHS = (
					"$(inherited)",
					"@executable_path/Frameworks",
					"@loader_path/Frameworks",
				);
				PRODUCT_BUNDLE_IDENTIFIER = "com.andre.themovies-projectUITests";
				PRODUCT_NAME = "$(TARGET_NAME)";
				SWIFT_VERSION = 4.0;
				TARGETED_DEVICE_FAMILY = "1,2";
				TEST_TARGET_NAME = themovies_project;
			};
			name = Release;
		};
/* End XCBuildConfiguration section */

/* Begin XCConfigurationList section */
		F0A1538721C46D0600F90292 /* Build configuration list for PBXProject "themovies_project" */ = {
			isa = XCConfigurationList;
			buildConfigurations = (
				F0A153B221C46D0800F90292 /* Debug */,
				F0A153B321C46D0800F90292 /* Release */,
			);
			defaultConfigurationIsVisible = 0;
			defaultConfigurationName = Release;
		};
		F0A153B421C46D0800F90292 /* Build configuration list for PBXNativeTarget "themovies_project" */ = {
			isa = XCConfigurationList;
			buildConfigurations = (
				F0A153B521C46D0800F90292 /* Debug */,
				F0A153B621C46D0800F90292 /* Release */,
			);
			defaultConfigurationIsVisible = 0;
			defaultConfigurationName = Release;
		};
		F0A153B721C46D0800F90292 /* Build configuration list for PBXNativeTarget "themovies_projectTests" */ = {
			isa = XCConfigurationList;
			buildConfigurations = (
				F0A153B821C46D0800F90292 /* Debug */,
				F0A153B921C46D0800F90292 /* Release */,
			);
			defaultConfigurationIsVisible = 0;
			defaultConfigurationName = Release;
		};
		F0A153BA21C46D0800F90292 /* Build configuration list for PBXNativeTarget "themovies_projectUITests" */ = {
			isa = XCConfigurationList;
			buildConfigurations = (
				F0A153BB21C46D0800F90292 /* Debug */,
				F0A153BC21C46D0800F90292 /* Release */,
			);
			defaultConfigurationIsVisible = 0;
			defaultConfigurationName = Release;
		};
/* End XCConfigurationList section */
	};
	rootObject = F0A1538421C46D0600F90292 /* Project object */;
}
